
Microsoft Visual Studio Solution File, Format Version 12.00
# Visual Studio Version 17
VisualStudioVersion = 17.2.32616.157
MinimumVisualStudioVersion = 10.0.40219.1
Project("{9A19103F-16F7-4668-BE54-9A1E7A4F7556}") = "ProteinApi", "ProteinApi\ProteinApi.csproj", "{02D10E1C-C7AD-471E-B24F-BDC755F6D17E}"
EndProject
Project("{9A19103F-16F7-4668-BE54-9A1E7A4F7556}") = "ProteinApi.Data", "ProteinApi.Data\ProteinApi.Data.csproj", "{53BFABD2-A06B-416C-BDE3-5C979FB4C51F}"
EndProject
Project("{9A19103F-16F7-4668-BE54-9A1E7A4F7556}") = "ProteinApi.Service", "ProteinApi.Service\ProteinApi.Service.csproj", "{EC69ADCB-BC81-4EAB-96CD-9B55AD6F541C}"
EndProject
Project("{9A19103F-16F7-4668-BE54-9A1E7A4F7556}") = "ProteinApi.Base", "ProteinApi.Base\ProteinApi.Base.csproj", "{0AC75417-5B1A-4360-B133-169B72CC27C1}"
EndProject
Project("{9A19103F-16F7-4668-BE54-9A1E7A4F7556}") = "ProteinApi.Dto", "ProteinApi.Dto\ProteinApi.Dto.csproj", "{4AB3D44B-3818-4E0B-8497-635A148431F2}"
EndProject
Global
	GlobalSection(SolutionConfigurationPlatforms) = preSolution
		Debug|Any CPU = Debug|Any CPU
		Release|Any CPU = Release|Any CPU
	EndGlobalSection
	GlobalSection(ProjectConfigurationPlatforms) = postSolution
		{02D10E1C-C7AD-471E-B24F-BDC755F6D17E}.Debug|Any CPU.ActiveCfg = Debug|Any CPU
		{02D10E1C-C7AD-471E-B24F-BDC755F6D17E}.Debug|Any CPU.Build.0 = Debug|Any CPU
		{02D10E1C-C7AD-471E-B24F-BDC755F6D17E}.Release|Any CPU.ActiveCfg = Release|Any CPU
		{02D10E1C-C7AD-471E-B24F-BDC755F6D17E}.Release|Any CPU.Build.0 = Release|Any CPU
		{53BFABD2-A06B-416C-BDE3-5C979FB4C51F}.Debug|Any CPU.ActiveCfg = Debug|Any CPU
		{53BFABD2-A06B-416C-BDE3-5C979FB4C51F}.Debug|Any CPU.Build.0 = Debug|Any CPU
		{53BFABD2-A06B-416C-BDE3-5C979FB4C51F}.Release|Any CPU.ActiveCfg = Release|Any CPU
		{53BFABD2-A06B-416C-BDE3-5C979FB4C51F}.Release|Any CPU.Build.0 = Release|Any CPU
		{EC69ADCB-BC81-4EAB-96CD-9B55AD6F541C}.Debug|Any CPU.ActiveCfg = Debug|Any CPU
		{EC69ADCB-BC81-4EAB-96CD-9B55AD6F541C}.Debug|Any CPU.Build.0 = Debug|Any CPU
		{EC69ADCB-BC81-4EAB-96CD-9B55AD6F541C}.Release|Any CPU.ActiveCfg = Release|Any CPU
		{EC69ADCB-BC81-4EAB-96CD-9B55AD6F541C}.Release|Any CPU.Build.0 = Release|Any CPU
		{0AC75417-5B1A-4360-B133-169B72CC27C1}.Debug|Any CPU.ActiveCfg = Debug|Any CPU
		{0AC75417-5B1A-4360-B133-169B72CC27C1}.Debug|Any CPU.Build.0 = Debug|Any CPU
		{0AC75417-5B1A-4360-B133-169B72CC27C1}.Release|Any CPU.ActiveCfg = Release|Any CPU
		{0AC75417-5B1A-4360-B133-169B72CC27C1}.Release|Any CPU.Build.0 = Release|Any CPU
		{4AB3D44B-3818-4E0B-8497-635A148431F2}.Debug|Any CPU.ActiveCfg = Debug|Any CPU
		{4AB3D44B-3818-4E0B-8497-635A148431F2}.Debug|Any CPU.Build.0 = Debug|Any CPU
		{4AB3D44B-3818-4E0B-8497-635A148431F2}.Release|Any CPU.ActiveCfg = Release|Any CPU
		{4AB3D44B-3818-4E0B-8497-635A148431F2}.Release|Any CPU.Build.0 = Release|Any CPU
	EndGlobalSection
	GlobalSection(SolutionProperties) = preSolution
		HideSolutionNode = FALSE
	EndGlobalSection
	GlobalSection(ExtensibilityGlobals) = postSolution
		SolutionGuid = {DFCFD555-9341-4273-BE4E-BDE18157C0D4}
	EndGlobalSection
EndGlobal
